
Microsoft Visual Studio Solution File, Format Version 12.00
# Visual Studio Version 16
VisualStudioVersion = 16.0.810.21
MinimumVisualStudioVersion = 10.0.40219.1
Project("{FAE04EC0-301F-11D3-BF4B-00C04F79EFBC}") = "Class_Inheritance", "Class_Inheritance.csproj", "{392D5824-EC93-4398-B389-AAEE487BEB88}"
EndProject
Global
	GlobalSection(SolutionConfigurationPlatforms) = preSolution
		Debug|Any CPU = Debug|Any CPU
		Release|Any CPU = Release|Any CPU
	EndGlobalSection
	GlobalSection(ProjectConfigurationPlatforms) = postSolution
		{392D5824-EC93-4398-B389-AAEE487BEB88}.Debug|Any CPU.ActiveCfg = Debug|Any CPU
		{392D5824-EC93-4398-B389-AAEE487BEB88}.Debug|Any CPU.Build.0 = Debug|Any CPU
		{392D5824-EC93-4398-B389-AAEE487BEB88}.Release|Any CPU.ActiveCfg = Release|Any CPU
		{392D5824-EC93-4398-B389-AAEE487BEB88}.Release|Any CPU.Build.0 = Release|Any CPU
	EndGlobalSection
	GlobalSection(SolutionProperties) = preSolution
		HideSolutionNode = FALSE
	EndGlobalSection
	GlobalSection(ExtensibilityGlobals) = postSolution
		SolutionGuid = {DB43DA6C-F2B1-43F9-A7B4-E003AE9F0DED}
	EndGlobalSection
EndGlobal
